
Microsoft Visual Studio Solution File, Format Version 12.00
# Visual Studio Version 16
VisualStudioVersion = 25.0.1706.14
MinimumVisualStudioVersion = 10.0.40219.1
Project("{FAE04EC0-301F-11D3-BF4B-00C04F79EFBC}") = "Functions", "Functions\Functions.csproj", "{E04C17A5-9F79-48EE-BBE5-2DD91CFAC369}"
EndProject
Project("{FAE04EC0-301F-11D3-BF4B-00C04F79EFBC}") = "ArgumentsAndParameters", "ArgumentsAndParameters\ArgumentsAndParameters.csproj", "{80713A19-769E-48D9-BC6E-B7DF5E577D72}"
EndProject
Project("{FAE04EC0-301F-11D3-BF4B-00C04F79EFBC}") = "Calculator", "Calculator\Calculator.csproj", "{46B9D2C3-E89D-4709-80A0-7E4ABB80A99F}"
EndProject
Project("{FAE04EC0-301F-11D3-BF4B-00C04F79EFBC}") = "DiscountCalculator", "DiscountCalculator\DiscountCalculator.csproj", "{5FAFFDA6-6EEC-4A5A-BC25-D1F5C3BD5101}"
EndProject
Global
	GlobalSection(SolutionConfigurationPlatforms) = preSolution
		Debug|Any CPU = Debug|Any CPU
		Release|Any CPU = Release|Any CPU
	EndGlobalSection
	GlobalSection(ProjectConfigurationPlatforms) = postSolution
		{E04C17A5-9F79-48EE-BBE5-2DD91CFAC369}.Debug|Any CPU.ActiveCfg = Debug|Any CPU
		{E04C17A5-9F79-48EE-BBE5-2DD91CFAC369}.Debug|Any CPU.Build.0 = Debug|Any CPU
		{E04C17A5-9F79-48EE-BBE5-2DD91CFAC369}.Release|Any CPU.ActiveCfg = Release|Any CPU
		{E04C17A5-9F79-48EE-BBE5-2DD91CFAC369}.Release|Any CPU.Build.0 = Release|Any CPU
		{80713A19-769E-48D9-BC6E-B7DF5E577D72}.Debug|Any CPU.ActiveCfg = Debug|Any CPU
		{80713A19-769E-48D9-BC6E-B7DF5E577D72}.Debug|Any CPU.Build.0 = Debug|Any CPU
		{80713A19-769E-48D9-BC6E-B7DF5E577D72}.Release|Any CPU.ActiveCfg = Release|Any CPU
		{80713A19-769E-48D9-BC6E-B7DF5E577D72}.Release|Any CPU.Build.0 = Release|Any CPU
		{46B9D2C3-E89D-4709-80A0-7E4ABB80A99F}.Debug|Any CPU.ActiveCfg = Debug|Any CPU
		{46B9D2C3-E89D-4709-80A0-7E4ABB80A99F}.Debug|Any CPU.Build.0 = Debug|Any CPU
		{46B9D2C3-E89D-4709-80A0-7E4ABB80A99F}.Release|Any CPU.ActiveCfg = Release|Any CPU
		{46B9D2C3-E89D-4709-80A0-7E4ABB80A99F}.Release|Any CPU.Build.0 = Release|Any CPU
		{5FAFFDA6-6EEC-4A5A-BC25-D1F5C3BD5101}.Debug|Any CPU.ActiveCfg = Debug|Any CPU
		{5FAFFDA6-6EEC-4A5A-BC25-D1F5C3BD5101}.Debug|Any CPU.Build.0 = Debug|Any CPU
		{5FAFFDA6-6EEC-4A5A-BC25-D1F5C3BD5101}.Release|Any CPU.ActiveCfg = Release|Any CPU
		{5FAFFDA6-6EEC-4A5A-BC25-D1F5C3BD5101}.Release|Any CPU.Build.0 = Release|Any CPU
	EndGlobalSection
	GlobalSection(SolutionProperties) = preSolution
		HideSolutionNode = FALSE
	EndGlobalSection
	GlobalSection(ExtensibilityGlobals) = postSolution
		SolutionGuid = {0778FB23-FA36-4F1B-BB94-F6BD9D5178B9}
	EndGlobalSection
EndGlobal
